
Microsoft Visual Studio Solution File, Format Version 12.00
# Visual Studio Version 17
VisualStudioVersion = 17.2.32210.308
MinimumVisualStudioVersion = 10.0.40219.1
Project("{9A19103F-16F7-4668-BE54-9A1E7A4F7556}") = "LogScanner.Console", "LogScanner.Console\LogScanner.Console.csproj", "{1B1277A0-6041-44D1-ADBB-5784EBD66B86}"
EndProject
Global
	GlobalSection(SolutionConfigurationPlatforms) = preSolution
		Debug|Any CPU = Debug|Any CPU
		Release|Any CPU = Release|Any CPU
	EndGlobalSection
	GlobalSection(ProjectConfigurationPlatforms) = postSolution
		{1B1277A0-6041-44D1-ADBB-5784EBD66B86}.Debug|Any CPU.ActiveCfg = Debug|Any CPU
		{1B1277A0-6041-44D1-ADBB-5784EBD66B86}.Debug|Any CPU.Build.0 = Debug|Any CPU
		{1B1277A0-6041-44D1-ADBB-5784EBD66B86}.Release|Any CPU.ActiveCfg = Release|Any CPU
		{1B1277A0-6041-44D1-ADBB-5784EBD66B86}.Release|Any CPU.Build.0 = Release|Any CPU
	EndGlobalSection
	GlobalSection(SolutionProperties) = preSolution
		HideSolutionNode = FALSE
	EndGlobalSection
	GlobalSection(ExtensibilityGlobals) = postSolution
		SolutionGuid = {4BA64EA5-0584-432B-82E2-C4F47AFB12D1}
	EndGlobalSection
EndGlobal
